
Microsoft Visual Studio Solution File, Format Version 12.00
# Visual Studio Version 16
VisualStudioVersion = 16.0.30413.136
MinimumVisualStudioVersion = 10.0.40219.1
Project("{8BC9CEB8-8B4A-11D0-8D11-00A0C91BC942}") = "web_demo", "web_demo\web_demo.vcxproj", "{0D1A0885-86FF-4668-882D-CCBF729F3B6A}"
	ProjectSection(ProjectDependencies) = postProject
		{C2B6A623-B613-46D8-88C6-1267019447E1} = {C2B6A623-B613-46D8-88C6-1267019447E1}
		{C47A4741-CEF2-4FC3-99A4-6F12828A299C} = {C47A4741-CEF2-4FC3-99A4-6F12828A299C}
	EndProjectSection
EndProject
Project("{8BC9CEB8-8B4A-11D0-8D11-00A0C91BC942}") = "iwebbrowser2", "iwebbrowser2\iwebbrowser2.vcxproj", "{C47A4741-CEF2-4FC3-99A4-6F12828A299C}"
EndProject
Project("{8BC9CEB8-8B4A-11D0-8D11-00A0C91BC942}") = "base", "base\base.vcxproj", "{C2B6A623-B613-46D8-88C6-1267019447E1}"
EndProject
Project("{8BC9CEB8-8B4A-11D0-8D11-00A0C91BC942}") = "alpha_window_demo", "alpha_window_demo\alpha_window_demo.vcxproj", "{85910809-89CB-4C13-94C6-D5C87A6D8F88}"
EndProject
Global
	GlobalSection(SolutionConfigurationPlatforms) = preSolution
		Debug|x64 = Debug|x64
		Debug|x86 = Debug|x86
		Release|x64 = Release|x64
		Release|x86 = Release|x86
	EndGlobalSection
	GlobalSection(ProjectConfigurationPlatforms) = postSolution
		{0D1A0885-86FF-4668-882D-CCBF729F3B6A}.Debug|x64.ActiveCfg = Debug|x64
		{0D1A0885-86FF-4668-882D-CCBF729F3B6A}.Debug|x64.Build.0 = Debug|x64
		{0D1A0885-86FF-4668-882D-CCBF729F3B6A}.Debug|x86.ActiveCfg = Debug|Win32
		{0D1A0885-86FF-4668-882D-CCBF729F3B6A}.Debug|x86.Build.0 = Debug|Win32
		{0D1A0885-86FF-4668-882D-CCBF729F3B6A}.Release|x64.ActiveCfg = Release|x64
		{0D1A0885-86FF-4668-882D-CCBF729F3B6A}.Release|x64.Build.0 = Release|x64
		{0D1A0885-86FF-4668-882D-CCBF729F3B6A}.Release|x86.ActiveCfg = Release|Win32
		{0D1A0885-86FF-4668-882D-CCBF729F3B6A}.Release|x86.Build.0 = Release|Win32
		{C47A4741-CEF2-4FC3-99A4-6F12828A299C}.Debug|x64.ActiveCfg = Debug|x64
		{C47A4741-CEF2-4FC3-99A4-6F12828A299C}.Debug|x64.Build.0 = Debug|x64
		{C47A4741-CEF2-4FC3-99A4-6F12828A299C}.Debug|x86.ActiveCfg = Debug|Win32
		{C47A4741-CEF2-4FC3-99A4-6F12828A299C}.Debug|x86.Build.0 = Debug|Win32
		{C47A4741-CEF2-4FC3-99A4-6F12828A299C}.Release|x64.ActiveCfg = Release|x64
		{C47A4741-CEF2-4FC3-99A4-6F12828A299C}.Release|x64.Build.0 = Release|x64
		{C47A4741-CEF2-4FC3-99A4-6F12828A299C}.Release|x86.ActiveCfg = Release|Win32
		{C47A4741-CEF2-4FC3-99A4-6F12828A299C}.Release|x86.Build.0 = Release|Win32
		{C2B6A623-B613-46D8-88C6-1267019447E1}.Debug|x64.ActiveCfg = Debug|x64
		{C2B6A623-B613-46D8-88C6-1267019447E1}.Debug|x64.Build.0 = Debug|x64
		{C2B6A623-B613-46D8-88C6-1267019447E1}.Debug|x86.ActiveCfg = Debug|Win32
		{C2B6A623-B613-46D8-88C6-1267019447E1}.Debug|x86.Build.0 = Debug|Win32
		{C2B6A623-B613-46D8-88C6-1267019447E1}.Release|x64.ActiveCfg = Release|x64
		{C2B6A623-B613-46D8-88C6-1267019447E1}.Release|x64.Build.0 = Release|x64
		{C2B6A623-B613-46D8-88C6-1267019447E1}.Release|x86.ActiveCfg = Release|Win32
		{C2B6A623-B613-46D8-88C6-1267019447E1}.Release|x86.Build.0 = Release|Win32
		{85910809-89CB-4C13-94C6-D5C87A6D8F88}.Debug|x64.ActiveCfg = Debug|x64
		{85910809-89CB-4C13-94C6-D5C87A6D8F88}.Debug|x64.Build.0 = Debug|x64
		{85910809-89CB-4C13-94C6-D5C87A6D8F88}.Debug|x86.ActiveCfg = Debug|Win32
		{85910809-89CB-4C13-94C6-D5C87A6D8F88}.Debug|x86.Build.0 = Debug|Win32
		{85910809-89CB-4C13-94C6-D5C87A6D8F88}.Release|x64.ActiveCfg = Release|x64
		{85910809-89CB-4C13-94C6-D5C87A6D8F88}.Release|x64.Build.0 = Release|x64
		{85910809-89CB-4C13-94C6-D5C87A6D8F88}.Release|x86.ActiveCfg = Release|Win32
		{85910809-89CB-4C13-94C6-D5C87A6D8F88}.Release|x86.Build.0 = Release|Win32
	EndGlobalSection
	GlobalSection(SolutionProperties) = preSolution
		HideSolutionNode = FALSE
	EndGlobalSection
	GlobalSection(ExtensibilityGlobals) = postSolution
		SolutionGuid = {574C5B3E-00F4-4AD6-A035-DA5A8031EE3F}
	EndGlobalSection
EndGlobal
